# THIS IS AN AUTOGENERATED FILE. DO NOT EDIT THIS FILE DIRECTLY.
# yarn lockfile v1


"@esbuild/android-arm64@0.17.16":
  version "0.17.16"
  resolved "https://registry.yarnpkg.com/@esbuild/android-arm64/-/android-arm64-0.17.16.tgz#7b18cab5f4d93e878306196eed26b6d960c12576"
  integrity sha512-QX48qmsEZW+gcHgTmAj+x21mwTz8MlYQBnzF6861cNdQGvj2jzzFjqH0EBabrIa/WVZ2CHolwMoqxVryqKt8+Q==

"@esbuild/android-arm@0.17.16":
  version "0.17.16"
  resolved "https://registry.yarnpkg.com/@esbuild/android-arm/-/android-arm-0.17.16.tgz#5c47f6a7c2cada6ed4b4d4e72d8c66e76d812812"
  integrity sha512-baLqRpLe4JnKrUXLJChoTN0iXZH7El/mu58GE3WIA6/H834k0XWvLRmGLG8y8arTRS9hJJibPnF0tiGhmWeZgw==

"@esbuild/android-x64@0.17.16":
  version "0.17.16"
  resolved "https://registry.yarnpkg.com/@esbuild/android-x64/-/android-x64-0.17.16.tgz#8686a6e98359071ffd5312046551943e7244c51a"
  integrity sha512-G4wfHhrrz99XJgHnzFvB4UwwPxAWZaZBOFXh+JH1Duf1I4vIVfuYY9uVLpx4eiV2D/Jix8LJY+TAdZ3i40tDow==

"@esbuild/darwin-arm64@0.17.16":
  version "0.17.16"
  resolved "https://registry.yarnpkg.com/@esbuild/darwin-arm64/-/darwin-arm64-0.17.16.tgz#aa79fbf447630ca0696a596beba962a775bbf394"
  integrity sha512-/Ofw8UXZxuzTLsNFmz1+lmarQI6ztMZ9XktvXedTbt3SNWDn0+ODTwxExLYQ/Hod91EZB4vZPQJLoqLF0jvEzA==

"@esbuild/darwin-x64@0.17.16":
  version "0.17.16"
  resolved "https://registry.yarnpkg.com/@esbuild/darwin-x64/-/darwin-x64-0.17.16.tgz#d5d68ee510507104da7e7503224c647c957e163e"
  integrity sha512-SzBQtCV3Pdc9kyizh36Ol+dNVhkDyIrGb/JXZqFq8WL37LIyrXU0gUpADcNV311sCOhvY+f2ivMhb5Tuv8nMOQ==

"@esbuild/freebsd-arm64@0.17.16":
  version "0.17.16"
  resolved "https://registry.yarnpkg.com/@esbuild/freebsd-arm64/-/freebsd-arm64-0.17.16.tgz#b00b4cc8c2e424907cfe3a607384ab24794edd52"
  integrity sha512-ZqftdfS1UlLiH1DnS2u3It7l4Bc3AskKeu+paJSfk7RNOMrOxmeFDhLTMQqMxycP1C3oj8vgkAT6xfAuq7ZPRA==

"@esbuild/freebsd-x64@0.17.16":
  version "0.17.16"
  resolved "https://registry.yarnpkg.com/@esbuild/freebsd-x64/-/freebsd-x64-0.17.16.tgz#84af4430a07730b50bbc945a90cf7036c1853b76"
  integrity sha512-rHV6zNWW1tjgsu0dKQTX9L0ByiJHHLvQKrWtnz8r0YYJI27FU3Xu48gpK2IBj1uCSYhJ+pEk6Y0Um7U3rIvV8g==

"@esbuild/linux-arm64@0.17.16":
  version "0.17.16"
  resolved "https://registry.yarnpkg.com/@esbuild/linux-arm64/-/linux-arm64-0.17.16.tgz#35571d15de6272c862d9ce6341372fb3cef0f266"
  integrity sha512-8yoZhGkU6aHu38WpaM4HrRLTFc7/VVD9Q2SvPcmIQIipQt2I/GMTZNdEHXoypbbGao5kggLcxg0iBKjo0SQYKA==

"@esbuild/linux-arm@0.17.16":
  version "0.17.16"
  resolved "https://registry.yarnpkg.com/@esbuild/linux-arm/-/linux-arm-0.17.16.tgz#b65c7cd5b0eadd08f91aab66b9dda81b6a4b2a70"
  integrity sha512-n4O8oVxbn7nl4+m+ISb0a68/lcJClIbaGAoXwqeubj/D1/oMMuaAXmJVfFlRjJLu/ZvHkxoiFJnmbfp4n8cdSw==

"@esbuild/linux-ia32@0.17.16":
  version "0.17.16"
  resolved "https://registry.yarnpkg.com/@esbuild/linux-ia32/-/linux-ia32-0.17.16.tgz#673a68cb251ce44a00a6422ada29064c5a1cd2c0"
  integrity sha512-9ZBjlkdaVYxPNO8a7OmzDbOH9FMQ1a58j7Xb21UfRU29KcEEU3VTHk+Cvrft/BNv0gpWJMiiZ/f4w0TqSP0gLA==

"@esbuild/linux-loong64@0.17.16":
  version "0.17.16"
  resolved "https://registry.yarnpkg.com/@esbuild/linux-loong64/-/linux-loong64-0.17.16.tgz#477e2da34ab46ffdbf4740fa6441e80045249385"
  integrity sha512-TIZTRojVBBzdgChY3UOG7BlPhqJz08AL7jdgeeu+kiObWMFzGnQD7BgBBkWRwOtKR1i2TNlO7YK6m4zxVjjPRQ==

"@esbuild/linux-mips64el@0.17.16":
  version "0.17.16"
  resolved "https://registry.yarnpkg.com/@esbuild/linux-mips64el/-/linux-mips64el-0.17.16.tgz#e1e9687bbdaa831d7c34edc9278200982c1a4bf4"
  integrity sha512-UPeRuFKCCJYpBbIdczKyHLAIU31GEm0dZl1eMrdYeXDH+SJZh/i+2cAmD3A1Wip9pIc5Sc6Kc5cFUrPXtR0XHA==

"@esbuild/linux-ppc64@0.17.16":
  version "0.17.16"
  resolved "https://registry.yarnpkg.com/@esbuild/linux-ppc64/-/linux-ppc64-0.17.16.tgz#2f19075d63622987e86e83a4b7866cd57b796c60"
  integrity sha512-io6yShgIEgVUhExJejJ21xvO5QtrbiSeI7vYUnr7l+v/O9t6IowyhdiYnyivX2X5ysOVHAuyHW+Wyi7DNhdw6Q==

"@esbuild/linux-riscv64@0.17.16":
  version "0.17.16"
  resolved "https://registry.yarnpkg.com/@esbuild/linux-riscv64/-/linux-riscv64-0.17.16.tgz#bbf40a38f03ba2434fe69b5ceeec5d13c742b329"
  integrity sha512-WhlGeAHNbSdG/I2gqX2RK2gfgSNwyJuCiFHMc8s3GNEMMHUI109+VMBfhVqRb0ZGzEeRiibi8dItR3ws3Lk+cA==

"@esbuild/linux-s390x@0.17.16":
  version "0.17.16"
  resolved "https://registry.yarnpkg.com/@esbuild/linux-s390x/-/linux-s390x-0.17.16.tgz#d2b8c0779ccd2b7917cdf0fab8831a468e0f9c01"
  integrity sha512-gHRReYsJtViir63bXKoFaQ4pgTyah4ruiMRQ6im9YZuv+gp3UFJkNTY4sFA73YDynmXZA6hi45en4BGhNOJUsw==

"@esbuild/linux-x64@0.17.16":
  version "0.17.16"
  resolved "https://registry.yarnpkg.com/@esbuild/linux-x64/-/linux-x64-0.17.16.tgz#da48b39cfdc1b12a74976625f583f031eac43590"
  integrity sha512-mfiiBkxEbUHvi+v0P+TS7UnA9TeGXR48aK4XHkTj0ZwOijxexgMF01UDFaBX7Q6CQsB0d+MFNv9IiXbIHTNd4g==

"@esbuild/netbsd-x64@0.17.16":
  version "0.17.16"
  resolved "https://registry.yarnpkg.com/@esbuild/netbsd-x64/-/netbsd-x64-0.17.16.tgz#ddef985aed37cc81908d2573b66c0299dbc49037"
  integrity sha512-n8zK1YRDGLRZfVcswcDMDM0j2xKYLNXqei217a4GyBxHIuPMGrrVuJ+Ijfpr0Kufcm7C1k/qaIrGy6eG7wvgmA==

"@esbuild/openbsd-x64@0.17.16":
  version "0.17.16"
  resolved "https://registry.yarnpkg.com/@esbuild/openbsd-x64/-/openbsd-x64-0.17.16.tgz#85035bf89efd66e9068bc72aa6bb85a2c317d090"
  integrity sha512-lEEfkfsUbo0xC47eSTBqsItXDSzwzwhKUSsVaVjVji07t8+6KA5INp2rN890dHZeueXJAI8q0tEIfbwVRYf6Ew==

"@esbuild/sunos-x64@0.17.16":
  version "0.17.16"
  resolved "https://registry.yarnpkg.com/@esbuild/sunos-x64/-/sunos-x64-0.17.16.tgz#16338ecab854cb2d831cc9ee9cc21ef69566e1f3"
  integrity sha512-jlRjsuvG1fgGwnE8Afs7xYDnGz0dBgTNZfgCK6TlvPH3Z13/P5pi6I57vyLE8qZYLrGVtwcm9UbUx1/mZ8Ukag==

"@esbuild/win32-arm64@0.17.16":
  version "0.17.16"
  resolved "https://registry.yarnpkg.com/@esbuild/win32-arm64/-/win32-arm64-0.17.16.tgz#423f46bb744aff897a5f74435469e1ef4952e343"
  integrity sha512-TzoU2qwVe2boOHl/3KNBUv2PNUc38U0TNnzqOAcgPiD/EZxT2s736xfC2dYQbszAwo4MKzzwBV0iHjhfjxMimg==

"@esbuild/win32-ia32@0.17.16":
  version "0.17.16"
  resolved "https://registry.yarnpkg.com/@esbuild/win32-ia32/-/win32-ia32-0.17.16.tgz#1978be5b192c7063bd2c8d5960eb213e1964740e"
  integrity sha512-B8b7W+oo2yb/3xmwk9Vc99hC9bNolvqjaTZYEfMQhzdpBsjTvZBlXQ/teUE55Ww6sg//wlcDjOaqldOKyigWdA==

"@esbuild/win32-x64@0.17.16":
  version "0.17.16"
  resolved "https://registry.yarnpkg.com/@esbuild/win32-x64/-/win32-x64-0.17.16.tgz#260f19b0a3300d22c3a3f52722c671dc561edaa3"
  integrity sha512-xJ7OH/nanouJO9pf03YsL9NAFQBHd8AqfrQd7Pf5laGyyTt/gToul6QYOA/i5i/q8y9iaM5DQFNTgpi995VkOg==

"@meetportal/portal-js@^0.4.2":
  version "0.4.2"
  resolved "https://registry.yarnpkg.com/@meetportal/portal-js/-/portal-js-0.4.2.tgz#236ff5d3647d5467c04a4d1199ac1b7ec4477de1"
  integrity sha512-6LpquojWvAmQbaAAukqK/ergW2I7kswRUEH40Q32nPCsFHtnIXvy3ZLWjHHtKdxEsjJQX7e/5Em/pWXv3/uqwQ==
  dependencies:
    "@orango/beam-client" "^0.1.3"
    typedoc "^0.23.28"

"@orango/beam-client@^0.1.3":
  version "0.1.3"
  resolved "https://registry.yarnpkg.com/@orango/beam-client/-/beam-client-0.1.3.tgz#9c21bfcf2a76bd925e15d85691b32105d95fe83c"
  integrity sha512-GsGWQpOUSgJT3PqEIj7cwINcz6rvI5wZxgi9e73FGeRKEfQRkGcrA28Ap1ybACZHfzbz5Ies6c4wdoXZJ/nQ9A==
  dependencies:
    typedoc "^0.23.28"

ansi-sequence-parser@^1.1.0:
  version "1.1.0"
  resolved "https://registry.yarnpkg.com/ansi-sequence-parser/-/ansi-sequence-parser-1.1.0.tgz#4d790f31236ac20366b23b3916b789e1bde39aed"
  integrity sha512-lEm8mt52to2fT8GhciPCGeCXACSz2UwIN4X2e2LJSnZ5uAbn2/dsYdOmUXq0AtWS5cpAupysIneExOgH0Vd2TQ==

balanced-match@^1.0.0:
  version "1.0.2"
  resolved "https://registry.yarnpkg.com/balanced-match/-/balanced-match-1.0.2.tgz#e83e3a7e3f300b34cb9d87f615fa0cbf357690ee"
  integrity sha512-3oSeUO0TMV67hN1AmbXsK4yaqU7tjiHlbxRDZOpH0KW9+CeX4bRAaX0Anxt0tx2MrpRpWwQaPwIlISEJhYU5Pw==

brace-expansion@^2.0.1:
  version "2.0.1"
  resolved "https://registry.yarnpkg.com/brace-expansion/-/brace-expansion-2.0.1.tgz#1edc459e0f0c548486ecf9fc99f2221364b9a0ae"
  integrity sha512-XnAIvQ8eM+kC6aULx6wuQiwVsnzsi9d3WxzV3FpWTGA19F621kwdbsAcFKXgKUHZWsy+mY6iL1sHTxWEFCytDA==
  dependencies:
    balanced-match "^1.0.0"

esbuild@^0.17.5:
  version "0.17.16"
  resolved "https://registry.yarnpkg.com/esbuild/-/esbuild-0.17.16.tgz#5efec24a8ff29e0c157359f27e1b5532a728b720"
  integrity sha512-aeSuUKr9aFVY9Dc8ETVELGgkj4urg5isYx8pLf4wlGgB0vTFjxJQdHnNH6Shmx4vYYrOTLCHtRI5i1XZ9l2Zcg==
  optionalDependencies:
    "@esbuild/android-arm" "0.17.16"
    "@esbuild/android-arm64" "0.17.16"
    "@esbuild/android-x64" "0.17.16"
    "@esbuild/darwin-arm64" "0.17.16"
    "@esbuild/darwin-x64" "0.17.16"
    "@esbuild/freebsd-arm64" "0.17.16"
    "@esbuild/freebsd-x64" "0.17.16"
    "@esbuild/linux-arm" "0.17.16"
    "@esbuild/linux-arm64" "0.17.16"
    "@esbuild/linux-ia32" "0.17.16"
    "@esbuild/linux-loong64" "0.17.16"
    "@esbuild/linux-mips64el" "0.17.16"
    "@esbuild/linux-ppc64" "0.17.16"
    "@esbuild/linux-riscv64" "0.17.16"
    "@esbuild/linux-s390x" "0.17.16"
    "@esbuild/linux-x64" "0.17.16"
    "@esbuild/netbsd-x64" "0.17.16"
    "@esbuild/openbsd-x64" "0.17.16"
    "@esbuild/sunos-x64" "0.17.16"
    "@esbuild/win32-arm64" "0.17.16"
    "@esbuild/win32-ia32" "0.17.16"
    "@esbuild/win32-x64" "0.17.16"

fsevents@~2.3.2:
  version "2.3.2"
  resolved "https://registry.yarnpkg.com/fsevents/-/fsevents-2.3.2.tgz#8a526f78b8fdf4623b709e0b975c52c24c02fd1a"
  integrity sha512-xiqMQR4xAeHTuB9uWm+fFRcIOgKBMiOBP+eXiyT7jsgVCq1bkVygt00oASowB7EdtpOHaaPgKt812P9ab+DDKA==

jsonc-parser@^3.2.0:
  version "3.2.0"
  resolved "https://registry.yarnpkg.com/jsonc-parser/-/jsonc-parser-3.2.0.tgz#31ff3f4c2b9793f89c67212627c51c6394f88e76"
  integrity sha512-gfFQZrcTc8CnKXp6Y4/CBT3fTc0OVuDofpre4aEeEpSBPV5X5v4+Vmx+8snU7RLPrNHPKSgLxGo9YuQzz20o+w==

lunr@^2.3.9:
  version "2.3.9"
  resolved "https://registry.yarnpkg.com/lunr/-/lunr-2.3.9.tgz#18b123142832337dd6e964df1a5a7707b25d35e1"
  integrity sha512-zTU3DaZaF3Rt9rhN3uBMGQD3dD2/vFQqnvZCDv4dl5iOzq2IZQqTxu90r4E5J+nP70J3ilqVCrbho2eWaeW8Ow==

marked@^4.2.12:
  version "4.3.0"
  resolved "https://registry.yarnpkg.com/marked/-/marked-4.3.0.tgz#796362821b019f734054582038b116481b456cf3"
  integrity sha512-PRsaiG84bK+AMvxziE/lCFss8juXjNaWzVbN5tXAm4XjeaS9NAHhop+PjQxz2A9h8Q4M/xGmzP8vqNwy6JeK0A==

minimatch@^7.1.3:
  version "7.4.6"
  resolved "https://registry.yarnpkg.com/minimatch/-/minimatch-7.4.6.tgz#845d6f254d8f4a5e4fd6baf44d5f10c8448365fb"
  integrity sha512-sBz8G/YjVniEz6lKPNpKxXwazJe4c19fEfV2GDMX6AjFz+MX9uDWIZW8XreVhkFW3fkIdTv/gxWr/Kks5FFAVw==
  dependencies:
    brace-expansion "^2.0.1"

nanoid@^3.3.6:
  version "3.3.6"
  resolved "https://registry.yarnpkg.com/nanoid/-/nanoid-3.3.6.tgz#443380c856d6e9f9824267d960b4236ad583ea4c"
  integrity sha512-BGcqMMJuToF7i1rt+2PWSNVnWIkGCU78jBG3RxO/bZlnZPK2Cmi2QaffxGO/2RvWi9sL+FAiRiXMgsyxQ1DIDA==

picocolors@^1.0.0:
  version "1.0.0"
  resolved "https://registry.yarnpkg.com/picocolors/-/picocolors-1.0.0.tgz#cb5bdc74ff3f51892236eaf79d68bc44564ab81c"
  integrity sha512-1fygroTLlHu66zi26VoTDv8yRgm0Fccecssto+MhsZ0D/DGW2sm8E8AjW7NU5VVTRt5GxbeZ5qBuJr+HyLYkjQ==

postcss@^8.4.23:
  version "8.4.23"
  resolved "https://registry.yarnpkg.com/postcss/-/postcss-8.4.23.tgz#df0aee9ac7c5e53e1075c24a3613496f9e6552ab"
  integrity sha512-bQ3qMcpF6A/YjR55xtoTr0jGOlnPOKAIMdOWiv0EIT6HVPEaJiJB4NLljSbiHoC2RX7DN5Uvjtpbg1NPdwv1oA==
  dependencies:
    nanoid "^3.3.6"
    picocolors "^1.0.0"
    source-map-js "^1.0.2"

rollup@^3.21.0:
  version "3.21.2"
  resolved "https://registry.yarnpkg.com/rollup/-/rollup-3.21.2.tgz#c3a06bc8d235a0c0a8f1f7d9da73426f53706bdc"
  integrity sha512-c4vC+JZ3bbF4Kqq2TtM7zSKtSyMybFOjqmomFax3xpfYaPZDZ4iz8NMIuBRMjnXOcKYozw7bC6vhJjiWD6JpzQ==
  optionalDependencies:
    fsevents "~2.3.2"

shiki@^0.14.1:
  version "0.14.1"
  resolved "https://registry.yarnpkg.com/shiki/-/shiki-0.14.1.tgz#9fbe082d0a8aa2ad63df4fbf2ee11ec924aa7ee1"
  integrity sha512-+Jz4nBkCBe0mEDqo1eKRcCdjRtrCjozmcbTUjbPTX7OOJfEbTZzlUWlZtGe3Gb5oV1/jnojhG//YZc3rs9zSEw==
  dependencies:
    ansi-sequence-parser "^1.1.0"
    jsonc-parser "^3.2.0"
    vscode-oniguruma "^1.7.0"
    vscode-textmate "^8.0.0"

source-map-js@^1.0.2:
  version "1.0.2"
  resolved "https://registry.yarnpkg.com/source-map-js/-/source-map-js-1.0.2.tgz#adbc361d9c62df380125e7f161f71c826f1e490c"
  integrity sha512-R0XvVJ9WusLiqTCEiGCmICCMplcCkIwwR11mOSD9CR5u+IXYdiseeEuXCVAjS54zqwkLcPNnmU4OeJ6tUrWhDw==

typedoc@^0.23.28:
  version "0.23.28"
  resolved "https://registry.yarnpkg.com/typedoc/-/typedoc-0.23.28.tgz#3ce9c36ef1c273fa849d2dea18651855100d3ccd"
  integrity sha512-9x1+hZWTHEQcGoP7qFmlo4unUoVJLB0H/8vfO/7wqTnZxg4kPuji9y3uRzEu0ZKez63OJAUmiGhUrtukC6Uj3w==
  dependencies:
    lunr "^2.3.9"
    marked "^4.2.12"
    minimatch "^7.1.3"
    shiki "^0.14.1"

typescript@^5.0.4:
  version "5.0.4"
  resolved "https://registry.yarnpkg.com/typescript/-/typescript-5.0.4.tgz#b217fd20119bd61a94d4011274e0ab369058da3b"
  integrity sha512-cW9T5W9xY37cc+jfEnaUvX91foxtHkza3Nw3wkoF4sSlKn0MONdkdEndig/qPBWXNkmplh3NzayQzCiHM4/hqw==

vite@^4.3.3:
  version "4.3.3"
  resolved "https://registry.yarnpkg.com/vite/-/vite-4.3.3.tgz#26adb4aa01439fc4546c480ea547674d87289396"
  integrity sha512-MwFlLBO4udZXd+VBcezo3u8mC77YQk+ik+fbc0GZWGgzfbPP+8Kf0fldhARqvSYmtIWoAJ5BXPClUbMTlqFxrA==
  dependencies:
    esbuild "^0.17.5"
    postcss "^8.4.23"
    rollup "^3.21.0"
  optionalDependencies:
    fsevents "~2.3.2"

vscode-oniguruma@^1.7.0:
  version "1.7.0"
  resolved "https://registry.yarnpkg.com/vscode-oniguruma/-/vscode-oniguruma-1.7.0.tgz#439bfad8fe71abd7798338d1cd3dc53a8beea94b"
  integrity sha512-L9WMGRfrjOhgHSdOYgCt/yRMsXzLDJSL7BPrOZt73gU0iWO4mpqzqQzOz5srxqTvMBaR0XZTSrVWo4j55Rc6cA==

vscode-textmate@^8.0.0:
  version "8.0.0"
  resolved "https://registry.yarnpkg.com/vscode-textmate/-/vscode-textmate-8.0.0.tgz#2c7a3b1163ef0441097e0b5d6389cd5504b59e5d"
  integrity sha512-AFbieoL7a5LMqcnOF04ji+rpXadgOXnZsxQr//r83kLPr7biP7am3g9zbaZIaBGwBRWeSvoMD4mgPdX3e4NWBg==
